<?xml version="1.0" encoding="utf-8"?>
<Project ToolsVersion="4.0" xmlns="http://schemas.microsoft.com/developer/msbuild/2003">
  <ItemGroup>
    <Filter Include="헤더 파일">
      <UniqueIdentifier>{93995380-89BD-4b04-88EB-625FBE52EBFB}</UniqueIdentifier>
      <Extensions>h;hh;hpp;hxx;h++;hm;inl;inc;ipp;xsd</Extensions>
    </Filter>
    <Filter Include="리소스 파일">
      <UniqueIdentifier>{67DA6AB6-F800-4c08-8B7A-83BB121AAD01}</UniqueIdentifier>
      <Extensions>rc;ico;cur;bmp;dlg;rc2;rct;bin;rgs;gif;jpg;jpeg;jpe;resx;tiff;tif;png;wav;mfcribbon-ms</Extensions>
    </Filter>
    <Filter Include="Game">
      <UniqueIdentifier>{b4e53698-ab27-4c58-a8a3-7a15f9704fe6}</UniqueIdentifier>
    </Filter>
    <Filter Include="Game\00_Core">
      <UniqueIdentifier>{bff0113d-ca65-4af9-bcf3-b4867510748f}</UniqueIdentifier>
    </Filter>
    <Filter Include="Game\02_Manager">
      <UniqueIdentifier>{e1972694-ddc9-4ab8-b03a-ff5a101be384}</UniqueIdentifier>
    </Filter>
    <Filter Include="Game\02_Manager\Key">
      <UniqueIdentifier>{91c9bb46-6edd-48cf-8fbd-f1b750655eba}</UniqueIdentifier>
    </Filter>
    <Filter Include="Game\02_Manager\Time">
      <UniqueIdentifier>{273a8c8b-bc58-47fe-9b4f-9fa7bf67911c}</UniqueIdentifier>
    </Filter>
    <Filter Include="Game\02_Manager\Scene">
      <UniqueIdentifier>{7af135d8-0ad5-4387-94e4-49e4631a39da}</UniqueIdentifier>
    </Filter>
    <Filter Include="Game\03_Scene">
      <UniqueIdentifier>{ff6d35c0-aac6-4d5e-9fba-abe9ce531991}</UniqueIdentifier>
    </Filter>
    <Filter Include="Game\03_Scene\Scenes">
      <UniqueIdentifier>{0363dc43-23da-4469-b387-3edb2c4ed612}</UniqueIdentifier>
    </Filter>
    <Filter Include="Game\03_Scene\Scenes\Start">
      <UniqueIdentifier>{8165beb3-aa46-4810-af5b-8c8ba1d5a814}</UniqueIdentifier>
    </Filter>
    <Filter Include="Game\01_Object">
      <UniqueIdentifier>{99da321c-c4da-472e-aee7-8d698da17d03}</UniqueIdentifier>
    </Filter>
    <Filter Include="Game\01_Object\Player">
      <UniqueIdentifier>{8ea7d648-c4c0-4663-a5ef-d29b12477f53}</UniqueIdentifier>
    </Filter>
    <Filter Include="Game\01_Object\Monster">
      <UniqueIdentifier>{6698028e-0a86-4f54-8408-2ea4b3cc334a}</UniqueIdentifier>
    </Filter>
    <Filter Include="소스파일">
      <UniqueIdentifier>{5dd4c078-f30e-45c1-be32-97f56330aa24}</UniqueIdentifier>
    </Filter>
  </ItemGroup>
  <ItemGroup>
    <ClInclude Include="framework.h">
      <Filter>헤더 파일</Filter>
    </ClInclude>
    <ClInclude Include="targetver.h">
      <Filter>헤더 파일</Filter>
    </ClInclude>
    <ClInclude Include="Resource.h">
      <Filter>헤더 파일</Filter>
    </ClInclude>
    <ClInclude Include="studyProject.h">
      <Filter>헤더 파일</Filter>
    </ClInclude>
    <ClInclude Include="CCore.h">
      <Filter>Game\00_Core</Filter>
    </ClInclude>
    <ClInclude Include="CObject.h">
      <Filter>Game\01_Object</Filter>
    </ClInclude>
    <ClInclude Include="Struct.h">
      <Filter>헤더 파일</Filter>
    </ClInclude>
    <ClInclude Include="KeyMgr.h">
      <Filter>Game\02_Manager\Key</Filter>
    </ClInclude>
    <ClInclude Include="TimeMgr.h">
      <Filter>Game\02_Manager\Time</Filter>
    </ClInclude>
    <ClInclude Include="SceneMgr.h">
      <Filter>Game\02_Manager\Scene</Filter>
    </ClInclude>
    <ClInclude Include="CScene.h">
      <Filter>Game\03_Scene</Filter>
    </ClInclude>
    <ClInclude Include="StartScene.h">
      <Filter>Game\03_Scene\Scenes\Start</Filter>
    </ClInclude>
    <ClInclude Include="Player.h">
      <Filter>Game\01_Object\Player</Filter>
    </ClInclude>
    <ClInclude Include="pch.h">
      <Filter>헤더 파일</Filter>
    </ClInclude>
    <ClInclude Include="define.h">
      <Filter>헤더 파일</Filter>
    </ClInclude>
    <ClInclude Include="Monster.h">
      <Filter>Game\01_Object\Monster</Filter>
    </ClInclude>
  </ItemGroup>
  <ItemGroup>
    <ClCompile Include="CCore.cpp">
      <Filter>Game\00_Core</Filter>
    </ClCompile>
    <ClCompile Include="KeyMgr.cpp">
      <Filter>Game\02_Manager\Key</Filter>
    </ClCompile>
    <ClCompile Include="TimeMgr.cpp">
      <Filter>Game\02_Manager\Time</Filter>
    </ClCompile>
    <ClCompile Include="SceneMgr.cpp">
      <Filter>Game\02_Manager\Scene</Filter>
    </ClCompile>
    <ClCompile Include="CScene.cpp">
      <Filter>Game\03_Scene</Filter>
    </ClCompile>
    <ClCompile Include="StartScene.cpp">
      <Filter>Game\03_Scene\Scenes\Start</Filter>
    </ClCompile>
    <ClCompile Include="Player.cpp">
      <Filter>Game\01_Object\Player</Filter>
    </ClCompile>
    <ClCompile Include="CObject.cpp">
      <Filter>Game\01_Object</Filter>
    </ClCompile>
    <ClCompile Include="Monster.cpp">
      <Filter>Game\01_Object\Monster</Filter>
    </ClCompile>
    <ClCompile Include="studyProject.cpp">
      <Filter>소스파일</Filter>
    </ClCompile>
  </ItemGroup>
  <ItemGroup>
    <ResourceCompile Include="LabProject.rc">
      <Filter>리소스 파일</Filter>
    </ResourceCompile>
  </ItemGroup>
  <ItemGroup>
    <Image Include="small.ico">
      <Filter>리소스 파일</Filter>
    </Image>
    <Image Include="LabProject.ico">
      <Filter>리소스 파일</Filter>
    </Image>
  </ItemGroup>
</Project>